{
  "name": "tst-myFirstPrj",
  "version": "1.0.0",
  "lockfileVersion": 1,
  "requires": true,
  "dependencies": {
    "commander": {
      "version": "2.20.3",
      "resolved": "https://registry.npmjs.org/commander/-/commander-2.20.3.tgz",
      "integrity": "sha512-GpVkmM8vF2vQUkj2LvZmD35JxeJOLCwJ9cUkugyk2nuhbv3+mJvpLYYt+0+USMxE+oj+ey/lJEnhZw75x/OMcQ==",
      "dev": true
    },
    "fs-extra": {
      "version": "8.1.0",
      "resolved": "https://registry.npmjs.org/fs-extra/-/fs-extra-8.1.0.tgz",
      "integrity": "sha512-yhlQgA6mnOJUKOsRUFsgJdQCvkKhcz8tlZG5HBQfReYZy46OwLcY+Zia0mtdHsOo9y/hP+CxMN0TU9QxoOtG4g==",
      "dev": true,
      "requires": {
        "graceful-fs": "^4.2.0",
        "jsonfile": "^4.0.0",
        "universalify": "^0.1.0"
      }
    },
    "graceful-fs": {
      "version": "4.2.3",
      "resolved": "https://registry.npmjs.org/graceful-fs/-/graceful-fs-4.2.3.tgz",
      "integrity": "sha512-a30VEBm4PEdx1dRB7MFK7BejejvCvBronbLjht+sHuGYj8PHs7M/5Z+rt5lw551vZ7yfTCj4Vuyy3mSJytDWRQ==",
      "dev": true
    },
    "jsonfile": {
      "version": "4.0.0",
      "resolved": "https://registry.npmjs.org/jsonfile/-/jsonfile-4.0.0.tgz",
      "integrity": "sha1-h3Gq4HmbZAdrdmQPygWPnBDjPss=",
      "dev": true,
      "requires": {
        "graceful-fs": "^4.1.6"
      }
    },
    "node-nailgun-client": {
      "version": "0.1.2",
      "resolved": "https://registry.npmjs.org/node-nailgun-client/-/node-nailgun-client-0.1.2.tgz",
      "integrity": "sha512-OC611lR0fsDUSptwnhBf8d3sj4DZ5fiRKfS2QaGPe0kR3Dt9YoZr1MY7utK0scFPTbXuQdSBBbeoKYVbME1q5g==",
      "dev": true,
      "requires": {
        "commander": "^2.8.1"
      }
    },
    "node-nailgun-server": {
      "version": "0.1.4",
      "resolved": "https://registry.npmjs.org/node-nailgun-server/-/node-nailgun-server-0.1.4.tgz",
      "integrity": "sha512-e0Hbh6XPb/7GqATJ45BePaUEO5AwR7InRW/pGeMKHH1cqPMBFCeqdBNfvi+bkVLnsbYOOQE+pAek9nmNoD8sYw==",
      "dev": true,
      "requires": {
        "commander": "^2.8.1"
      }
    },
    "node-pandoc": {
      "version": "0.3.0",
      "resolved": "https://registry.npmjs.org/node-pandoc/-/node-pandoc-0.3.0.tgz",
      "integrity": "sha1-1GV3zQpyr0FTU/y4oBF622JC+cg=",
      "dev": true
    },
    "node-plantuml": {
      "version": "0.9.0",
      "resolved": "https://registry.npmjs.org/node-plantuml/-/node-plantuml-0.9.0.tgz",
      "integrity": "sha512-bUnntTGjbpYu1pvXZI/GS6ctcXf3AOMqJxBMO8vFzTT5RwH8Cj/J5Ca6Dy+PEfMiMDdSBCFKSGnvYyBvYnucXg==",
      "dev": true,
      "requires": {
        "commander": "^2.8.1",
        "node-nailgun-client": "^0.1.0",
        "node-nailgun-server": "^0.1.4",
        "plantuml-encoder": "^1.2.5"
      }
    },
    "plantuml-encoder": {
      "version": "1.4.0",
      "resolved": "https://registry.npmjs.org/plantuml-encoder/-/plantuml-encoder-1.4.0.tgz",
      "integrity": "sha512-sxMwpDw/ySY1WB2CE3+IdMuEcWibJ72DDOsXLkSmEaSzwEUaYBT6DWgOfBiHGCux4q433X6+OEFWjlVqp7gL6g==",
      "dev": true
    },
    "pwd-fs": {
      "version": "1.2.12",
      "resolved": "https://registry.npmjs.org/pwd-fs/-/pwd-fs-1.2.12.tgz",
      "integrity": "sha512-CbH/WOVdfbxsh0rrrzB5ZfnNq4eIEeHVKh1kSiGIQ5gu0Vo9j8amefx7m9J94hYj6f8MAX+WnocKxVQbt6x72g==",
      "dev": true,
      "requires": {
        "type-enforcement": "^1.0.16"
      }
    },
    "type-enforcement": {
      "version": "1.0.18",
      "resolved": "https://registry.npmjs.org/type-enforcement/-/type-enforcement-1.0.18.tgz",
      "integrity": "sha512-bNvMYUuZKDTDnsJXNyLk3+AbeBGKxRTHot0gZVxQyQWyTyxBrru5kSs/6EyQEyUcXyvTc9asrGmVjFvkgOMrqw==",
      "dev": true
    },
    "universalify": {
      "version": "0.1.2",
      "resolved": "https://registry.npmjs.org/universalify/-/universalify-0.1.2.tgz",
      "integrity": "sha512-rBJeI5CXAlmy1pV+617WB9J63U6XcazHHF2f2dbJix4XzpUF0RS3Zbj0FGIOCAva5P/d/GBOYaACQ1w+0azUkg==",
      "dev": true
    }
  }
}
